PODS:
  - Alamofire (4.7.2)
  - PKHUD (5.1.0)

DEPENDENCIES:
  - Alamofire
  - PKHUD (~> 5.0)

SPEC REPOS:
  https://github.com/CocoaPods/Specs.git:
    - Alamofire
    - PKHUD

SPEC CHECKSUMS:
  Alamofire: e4fa87002c137ba2d8d634d2c51fabcda0d5c223
  PKHUD: 62ea46a1e88c4def1da784878d199bb54c841e3c

PODFILE CHECKSUM: 8cbb12014e2ffa068be40fe685b846ece159959d

COCOAPODS: 1.5.0
