// !$*UTF8*$!
{
	archiveVersion = 1;
	classes = {
	};
	objectVersion = 50;
	objects = {

/* Begin PBXBuildFile section */
		1FBEEE5A18237ED9DB7C88CB /* libPods-Go Jek Assignment.a in Frameworks */ = {isa = PBXBuildFile; fileRef = 04986A096F3F22E7A41A9347 /* libPods-Go Jek Assignment.a */; };
		D61B387022CDB566002531E8 /* AppDelegate.swift in Sources */ = {isa = PBXBuildFile; fileRef = D61B386F22CDB566002531E8 /* AppDelegate.swift */; };
		D61B387522CDB566002531E8 /* Main.storyboard in Resources */ = {isa = PBXBuildFile; fileRef = D61B387322CDB566002531E8 /* Main.storyboard */; };
		D61B387822CDB566002531E8 /* Go_Jek_Assignment.xcdatamodeld in Sources */ = {isa = PBXBuildFile; fileRef = D61B387622CDB566002531E8 /* Go_Jek_Assignment.xcdatamodeld */; };
		D61B387A22CDB569002531E8 /* Assets.xcassets in Resources */ = {isa = PBXBuildFile; fileRef = D61B387922CDB569002531E8 /* Assets.xcassets */; };
		D61B387D22CDB569002531E8 /* LaunchScreen.storyboard in Resources */ = {isa = PBXBuildFile; fileRef = D61B387B22CDB569002531E8 /* LaunchScreen.storyboard */; };
		D61B388622CDD411002531E8 /* RequestManager.swift in Sources */ = {isa = PBXBuildFile; fileRef = D61B388522CDD411002531E8 /* RequestManager.swift */; };
		D61B388922CF0E3C002531E8 /* Contacts.swift in Sources */ = {isa = PBXBuildFile; fileRef = D61B388822CF0E3C002531E8 /* Contacts.swift */; };
		D61B388C22CF212A002531E8 /* ContactsViewModel.swift in Sources */ = {isa = PBXBuildFile; fileRef = D61B388B22CF212A002531E8 /* ContactsViewModel.swift */; };
		D61B389122CF28CA002531E8 /* ContactCell.swift in Sources */ = {isa = PBXBuildFile; fileRef = D61B389022CF28CA002531E8 /* ContactCell.swift */; };
		D61B389322D04BA5002531E8 /* ContactsController.swift in Sources */ = {isa = PBXBuildFile; fileRef = D61B389222D04BA5002531E8 /* ContactsController.swift */; };
		D61B389722D04C66002531E8 /* ContactCell.xib in Resources */ = {isa = PBXBuildFile; fileRef = D61B389522D04C66002531E8 /* ContactCell.xib */; };
		D61B389922D059FE002531E8 /* ContactDetailController.swift in Sources */ = {isa = PBXBuildFile; fileRef = D61B389822D059FE002531E8 /* ContactDetailController.swift */; };
		D61B38A122D06E5A002531E8 /* ContactInfoCell.swift in Sources */ = {isa = PBXBuildFile; fileRef = D61B389F22D06E5A002531E8 /* ContactInfoCell.swift */; };
		D61B38A222D06E5A002531E8 /* ContactInfoCell.xib in Resources */ = {isa = PBXBuildFile; fileRef = D61B38A022D06E5A002531E8 /* ContactInfoCell.xib */; };
		D61B38A422D083EA002531E8 /* ContactDetail.swift in Sources */ = {isa = PBXBuildFile; fileRef = D61B38A322D083EA002531E8 /* ContactDetail.swift */; };
		D61B38A722D0E531002531E8 /* AddContactController.swift in Sources */ = {isa = PBXBuildFile; fileRef = D61B38A622D0E531002531E8 /* AddContactController.swift */; };
		D61B38A922D1BB5F002531E8 /* AddContact.swift in Sources */ = {isa = PBXBuildFile; fileRef = D61B38A822D1BB5F002531E8 /* AddContact.swift */; };
		D61B38AC22D227FE002531E8 /* UIimageView.swift in Sources */ = {isa = PBXBuildFile; fileRef = D61B38AB22D227FE002531E8 /* UIimageView.swift */; };
		D61B38AE22D22894002531E8 /* String+Validation.swift in Sources */ = {isa = PBXBuildFile; fileRef = D61B38AD22D22894002531E8 /* String+Validation.swift */; };
/* End PBXBuildFile section */

/* Begin PBXFileReference section */
		04986A096F3F22E7A41A9347 /* libPods-Go Jek Assignment.a */ = {isa = PBXFileReference; explicitFileType = archive.ar; includeInIndex = 0; path = "libPods-Go Jek Assignment.a"; sourceTree = BUILT_PRODUCTS_DIR; };
		60997F5F2F2F7092F1FB91D8 /* Pods-Go Jek Assignment.debug.xcconfig */ = {isa = PBXFileReference; includeInIndex = 1; lastKnownFileType = text.xcconfig; name = "Pods-Go Jek Assignment.debug.xcconfig"; path = "Pods/Target Support Files/Pods-Go Jek Assignment/Pods-Go Jek Assignment.debug.xcconfig"; sourceTree = "<group>"; };
		D61B386C22CDB566002531E8 /* Go Jek Assignment.app */ = {isa = PBXFileReference; explicitFileType = wrapper.application; includeInIndex = 0; path = "Go Jek Assignment.app"; sourceTree = BUILT_PRODUCTS_DIR; };
		D61B386F22CDB566002531E8 /* AppDelegate.swift */ = {isa = PBXFileReference; lastKnownFileType = sourcecode.swift; path = AppDelegate.swift; sourceTree = "<group>"; };
		D61B387422CDB566002531E8 /* Base */ = {isa = PBXFileReference; lastKnownFileType = file.storyboard; name = Base; path = Base.lproj/Main.storyboard; sourceTree = "<group>"; };
		D61B387722CDB566002531E8 /* Go_Jek_Assignment.xcdatamodel */ = {isa = PBXFileReference; lastKnownFileType = wrapper.xcdatamodel; path = Go_Jek_Assignment.xcdatamodel; sourceTree = "<group>"; };
		D61B387922CDB569002531E8 /* Assets.xcassets */ = {isa = PBXFileReference; lastKnownFileType = folder.assetcatalog; path = Assets.xcassets; sourceTree = "<group>"; };
		D61B387C22CDB569002531E8 /* Base */ = {isa = PBXFileReference; lastKnownFileType = file.storyboard; name = Base; path = Base.lproj/LaunchScreen.storyboard; sourceTree = "<group>"; };
		D61B387E22CDB569002531E8 /* Info.plist */ = {isa = PBXFileReference; lastKnownFileType = text.plist.xml; path = Info.plist; sourceTree = "<group>"; };
		D61B388522CDD411002531E8 /* RequestManager.swift */ = {isa = PBXFileReference; lastKnownFileType = sourcecode.swift; path = RequestManager.swift; sourceTree = "<group>"; };
		D61B388822CF0E3C002531E8 /* Contacts.swift */ = {isa = PBXFileReference; lastKnownFileType = sourcecode.swift; path = Contacts.swift; sourceTree = "<group>"; };
		D61B388B22CF212A002531E8 /* ContactsViewModel.swift */ = {isa = PBXFileReference; lastKnownFileType = sourcecode.swift; path = ContactsViewModel.swift; sourceTree = "<group>"; };
		D61B389022CF28CA002531E8 /* ContactCell.swift */ = {isa = PBXFileReference; lastKnownFileType = sourcecode.swift; path = ContactCell.swift; sourceTree = "<group>"; };
		D61B389222D04BA5002531E8 /* ContactsController.swift */ = {isa = PBXFileReference; fileEncoding = 4; lastKnownFileType = sourcecode.swift; path = ContactsController.swift; sourceTree = "<group>"; };
		D61B389522D04C66002531E8 /* ContactCell.xib */ = {isa = PBXFileReference; lastKnownFileType = file.xib; path = ContactCell.xib; sourceTree = "<group>"; };
		D61B389822D059FE002531E8 /* ContactDetailController.swift */ = {isa = PBXFileReference; lastKnownFileType = sourcecode.swift; path = ContactDetailController.swift; sourceTree = "<group>"; };
		D61B389F22D06E5A002531E8 /* ContactInfoCell.swift */ = {isa = PBXFileReference; lastKnownFileType = sourcecode.swift; path = ContactInfoCell.swift; sourceTree = "<group>"; };
		D61B38A022D06E5A002531E8 /* ContactInfoCell.xib */ = {isa = PBXFileReference; lastKnownFileType = file.xib; path = ContactInfoCell.xib; sourceTree = "<group>"; };
		D61B38A322D083EA002531E8 /* ContactDetail.swift */ = {isa = PBXFileReference; lastKnownFileType = sourcecode.swift; path = ContactDetail.swift; sourceTree = "<group>"; };
		D61B38A622D0E531002531E8 /* AddContactController.swift */ = {isa = PBXFileReference; lastKnownFileType = sourcecode.swift; path = AddContactController.swift; sourceTree = "<group>"; };
		D61B38A822D1BB5F002531E8 /* AddContact.swift */ = {isa = PBXFileReference; lastKnownFileType = sourcecode.swift; path = AddContact.swift; sourceTree = "<group>"; };
		D61B38AB22D227FE002531E8 /* UIimageView.swift */ = {isa = PBXFileReference; lastKnownFileType = sourcecode.swift; path = UIimageView.swift; sourceTree = "<group>"; };
		D61B38AD22D22894002531E8 /* String+Validation.swift */ = {isa = PBXFileReference; lastKnownFileType = sourcecode.swift; path = "String+Validation.swift"; sourceTree = "<group>"; };
		DABE63D6C4E4AB33995E9BE2 /* Pods-Go Jek Assignment.release.xcconfig */ = {isa = PBXFileReference; includeInIndex = 1; lastKnownFileType = text.xcconfig; name = "Pods-Go Jek Assignment.release.xcconfig"; path = "Pods/Target Support Files/Pods-Go Jek Assignment/Pods-Go Jek Assignment.release.xcconfig"; sourceTree = "<group>"; };
/* End PBXFileReference section */

/* Begin PBXFrameworksBuildPhase section */
		D61B386922CDB566002531E8 /* Frameworks */ = {
			isa = PBXFrameworksBuildPhase;
			buildActionMask = 2147483647;
			files = (
				1FBEEE5A18237ED9DB7C88CB /* libPods-Go Jek Assignment.a in Frameworks */,
			);
			runOnlyForDeploymentPostprocessing = 0;
		};
/* End PBXFrameworksBuildPhase section */

/* Begin PBXGroup section */
		802FCA40561AB3EB9D89D90D /* Frameworks */ = {
			isa = PBXGroup;
			children = (
				04986A096F3F22E7A41A9347 /* libPods-Go Jek Assignment.a */,
			);
			name = Frameworks;
			sourceTree = "<group>";
		};
		88D2F3E502C339512B3603E4 /* Pods */ = {
			isa = PBXGroup;
			children = (
				60997F5F2F2F7092F1FB91D8 /* Pods-Go Jek Assignment.debug.xcconfig */,
				DABE63D6C4E4AB33995E9BE2 /* Pods-Go Jek Assignment.release.xcconfig */,
			);
			name = Pods;
			sourceTree = "<group>";
		};
		D61B386322CDB566002531E8 = {
			isa = PBXGroup;
			children = (
				D61B386E22CDB566002531E8 /* Go Jek Assignment */,
				D61B386D22CDB566002531E8 /* Products */,
				88D2F3E502C339512B3603E4 /* Pods */,
				802FCA40561AB3EB9D89D90D /* Frameworks */,
			);
			sourceTree = "<group>";
		};
		D61B386D22CDB566002531E8 /* Products */ = {
			isa = PBXGroup;
			children = (
				D61B386C22CDB566002531E8 /* Go Jek Assignment.app */,
			);
			name = Products;
			sourceTree = "<group>";
		};
		D61B386E22CDB566002531E8 /* Go Jek Assignment */ = {
			isa = PBXGroup;
			children = (
				D61B386F22CDB566002531E8 /* AppDelegate.swift */,
				D61B38AA22D227DA002531E8 /* Extensions */,
				D61B388422CDD3F7002531E8 /* RequestManager */,
				D61B388722CF0E25002531E8 /* Models */,
				D61B38A522D0E4DB002531E8 /* Controllers */,
				D61B388D22CF287F002531E8 /* View */,
				D61B388A22CF2110002531E8 /* ViewModels */,
				D61B387922CDB569002531E8 /* Assets.xcassets */,
				D61B387B22CDB569002531E8 /* LaunchScreen.storyboard */,
				D61B387E22CDB569002531E8 /* Info.plist */,
				D61B387622CDB566002531E8 /* Go_Jek_Assignment.xcdatamodeld */,
			);
			path = "Go Jek Assignment";
			sourceTree = "<group>";
		};
		D61B388422CDD3F7002531E8 /* RequestManager */ = {
			isa = PBXGroup;
			children = (
				D61B388522CDD411002531E8 /* RequestManager.swift */,
			);
			path = RequestManager;
			sourceTree = "<group>";
		};
		D61B388722CF0E25002531E8 /* Models */ = {
			isa = PBXGroup;
			children = (
				D61B388822CF0E3C002531E8 /* Contacts.swift */,
				D61B38A322D083EA002531E8 /* ContactDetail.swift */,
				D61B38A822D1BB5F002531E8 /* AddContact.swift */,
			);
			path = Models;
			sourceTree = "<group>";
		};
		D61B388A22CF2110002531E8 /* ViewModels */ = {
			isa = PBXGroup;
			children = (
				D61B388B22CF212A002531E8 /* ContactsViewModel.swift */,
			);
			path = ViewModels;
			sourceTree = "<group>";
		};
		D61B388D22CF287F002531E8 /* View */ = {
			isa = PBXGroup;
			children = (
				D61B387322CDB566002531E8 /* Main.storyboard */,
				D61B389D22D06E05002531E8 /* ContactCell */,
				D61B389E22D06E15002531E8 /* ContactInfoCell */,
			);
			path = View;
			sourceTree = "<group>";
		};
		D61B389D22D06E05002531E8 /* ContactCell */ = {
			isa = PBXGroup;
			children = (
				D61B389022CF28CA002531E8 /* ContactCell.swift */,
				D61B389522D04C66002531E8 /* ContactCell.xib */,
			);
			path = ContactCell;
			sourceTree = "<group>";
		};
		D61B389E22D06E15002531E8 /* ContactInfoCell */ = {
			isa = PBXGroup;
			children = (
				D61B389F22D06E5A002531E8 /* ContactInfoCell.swift */,
				D61B38A022D06E5A002531E8 /* ContactInfoCell.xib */,
			);
			path = ContactInfoCell;
			sourceTree = "<group>";
		};
		D61B38A522D0E4DB002531E8 /* Controllers */ = {
			isa = PBXGroup;
			children = (
				D61B389822D059FE002531E8 /* ContactDetailController.swift */,
				D61B389222D04BA5002531E8 /* ContactsController.swift */,
				D61B38A622D0E531002531E8 /* AddContactController.swift */,
			);
			path = Controllers;
			sourceTree = "<group>";
		};
		D61B38AA22D227DA002531E8 /* Extensions */ = {
			isa = PBXGroup;
			children = (
				D61B38AB22D227FE002531E8 /* UIimageView.swift */,
				D61B38AD22D22894002531E8 /* String+Validation.swift */,
			);
			path = Extensions;
			sourceTree = "<group>";
		};
/* End PBXGroup section */

/* Begin PBXNativeTarget section */
		D61B386B22CDB566002531E8 /* Go Jek Assignment */ = {
			isa = PBXNativeTarget;
			buildConfigurationList = D61B388122CDB569002531E8 /* Build configuration list for PBXNativeTarget "Go Jek Assignment" */;
			buildPhases = (
				87C95A83E4B915C4FF526AD1 /* [CP] Check Pods Manifest.lock */,
				D61B386822CDB566002531E8 /* Sources */,
				D61B386922CDB566002531E8 /* Frameworks */,
				D61B386A22CDB566002531E8 /* Resources */,
				1CD50B3AAA13C00022C9F495 /* [CP] Copy Pods Resources */,
			);
			buildRules = (
			);
			dependencies = (
			);
			name = "Go Jek Assignment";
			productName = "Go Jek Assignment";
			productReference = D61B386C22CDB566002531E8 /* Go Jek Assignment.app */;
			productType = "com.apple.product-type.application";
		};
/* End PBXNativeTarget section */

/* Begin PBXProject section */
		D61B386422CDB566002531E8 /* Project object */ = {
			isa = PBXProject;
			attributes = {
				LastSwiftUpdateCheck = 1020;
				LastUpgradeCheck = 1020;
				ORGANIZATIONNAME = ketanDemo;
				TargetAttributes = {
					D61B386B22CDB566002531E8 = {
						CreatedOnToolsVersion = 10.2.1;
					};
				};
			};
			buildConfigurationList = D61B386722CDB566002531E8 /* Build configuration list for PBXProject "Go Jek Assignment" */;
			compatibilityVersion = "Xcode 9.3";
			developmentRegion = en;
			hasScannedForEncodings = 0;
			knownRegions = (
				en,
				Base,
			);
			mainGroup = D61B386322CDB566002531E8;
			productRefGroup = D61B386D22CDB566002531E8 /* Products */;
			projectDirPath = "";
			projectRoot = "";
			targets = (
				D61B386B22CDB566002531E8 /* Go Jek Assignment */,
			);
		};
/* End PBXProject section */

/* Begin PBXResourcesBuildPhase section */
		D61B386A22CDB566002531E8 /* Resources */ = {
			isa = PBXResourcesBuildPhase;
			buildActionMask = 2147483647;
			files = (
				D61B387D22CDB569002531E8 /* LaunchScreen.storyboard in Resources */,
				D61B38A222D06E5A002531E8 /* ContactInfoCell.xib in Resources */,
				D61B389722D04C66002531E8 /* ContactCell.xib in Resources */,
				D61B387A22CDB569002531E8 /* Assets.xcassets in Resources */,
				D61B387522CDB566002531E8 /* Main.storyboard in Resources */,
			);
			runOnlyForDeploymentPostprocessing = 0;
		};
/* End PBXResourcesBuildPhase section */

/* Begin PBXShellScriptBuildPhase section */
		1CD50B3AAA13C00022C9F495 /* [CP] Copy Pods Resources */ = {
			isa = PBXShellScriptBuildPhase;
			buildActionMask = 2147483647;
			files = (
			);
			inputPaths = (
				"${SRCROOT}/Pods/Target Support Files/Pods-Go Jek Assignment/Pods-Go Jek Assignment-resources.sh",
				"${PODS_ROOT}/SVProgressHUD/SVProgressHUD/SVProgressHUD.bundle",
			);
			name = "[CP] Copy Pods Resources";
			outputPaths = (
				"${TARGET_BUILD_DIR}/${UNLOCALIZED_RESOURCES_FOLDER_PATH}/SVProgressHUD.bundle",
			);
			runOnlyForDeploymentPostprocessing = 0;
			shellPath = /bin/sh;
			shellScript = "\"${SRCROOT}/Pods/Target Support Files/Pods-Go Jek Assignment/Pods-Go Jek Assignment-resources.sh\"\n";
			showEnvVarsInLog = 0;
		};
		87C95A83E4B915C4FF526AD1 /* [CP] Check Pods Manifest.lock */ = {
			isa = PBXShellScriptBuildPhase;
			buildActionMask = 2147483647;
			files = (
			);
			inputPaths = (
				"${PODS_PODFILE_DIR_PATH}/Podfile.lock",
				"${PODS_ROOT}/Manifest.lock",
			);
			name = "[CP] Check Pods Manifest.lock";
			outputPaths = (
				"$(DERIVED_FILE_DIR)/Pods-Go Jek Assignment-checkManifestLockResult.txt",
			);
			runOnlyForDeploymentPostprocessing = 0;
			shellPath = /bin/sh;
			shellScript = "diff \"${PODS_PODFILE_DIR_PATH}/Podfile.lock\" \"${PODS_ROOT}/Manifest.lock\" > /dev/null\nif [ $? != 0 ] ; then\n    # print error to STDERR\n    echo \"error: The sandbox is not in sync with the Podfile.lock. Run 'pod install' or update your CocoaPods installation.\" >&2\n    exit 1\nfi\n# This output is used by Xcode 'outputs' to avoid re-running this script phase.\necho \"SUCCESS\" > \"${SCRIPT_OUTPUT_FILE_0}\"\n";
			showEnvVarsInLog = 0;
		};
/* End PBXShellScriptBuildPhase section */

/* Begin PBXSourcesBuildPhase section */
		D61B386822CDB566002531E8 /* Sources */ = {
			isa = PBXSourcesBuildPhase;
			buildActionMask = 2147483647;
			files = (
				D61B38A922D1BB5F002531E8 /* AddContact.swift in Sources */,
				D61B389322D04BA5002531E8 /* ContactsController.swift in Sources */,
				D61B388C22CF212A002531E8 /* ContactsViewModel.swift in Sources */,
				D61B387822CDB566002531E8 /* Go_Jek_Assignment.xcdatamodeld in Sources */,
				D61B389922D059FE002531E8 /* ContactDetailController.swift in Sources */,
				D61B38A122D06E5A002531E8 /* ContactInfoCell.swift in Sources */,
				D61B387022CDB566002531E8 /* AppDelegate.swift in Sources */,
				D61B388622CDD411002531E8 /* RequestManager.swift in Sources */,
				D61B38A722D0E531002531E8 /* AddContactController.swift in Sources */,
				D61B389122CF28CA002531E8 /* ContactCell.swift in Sources */,
				D61B38AC22D227FE002531E8 /* UIimageView.swift in Sources */,
				D61B388922CF0E3C002531E8 /* Contacts.swift in Sources */,
				D61B38A422D083EA002531E8 /* ContactDetail.swift in Sources */,
				D61B38AE22D22894002531E8 /* String+Validation.swift in Sources */,
			);
			runOnlyForDeploymentPostprocessing = 0;
		};
/* End PBXSourcesBuildPhase section */

/* Begin PBXVariantGroup section */
		D61B387322CDB566002531E8 /* Main.storyboard */ = {
			isa = PBXVariantGroup;
			children = (
				D61B387422CDB566002531E8 /* Base */,
			);
			name = Main.storyboard;
			sourceTree = "<group>";
		};
		D61B387B22CDB569002531E8 /* LaunchScreen.storyboard */ = {
			isa = PBXVariantGroup;
			children = (
				D61B387C22CDB569002531E8 /* Base */,
			);
			name = LaunchScreen.storyboard;
			sourceTree = "<group>";
		};
/* End PBXVariantGroup section */

/* Begin XCBuildConfiguration section */
		D61B387F22CDB569002531E8 /* Debug */ = {
			isa = XCBuildConfiguration;
			buildSettings = {
				ALWAYS_SEARCH_USER_PATHS = NO;
				CLANG_ANALYZER_NONNULL = YES;
				CLANG_ANALYZER_NUMBER_OBJECT_CONVERSION = YES_AGGRESSIVE;
				CLANG_CXX_LANGUAGE_STANDARD = "gnu++14";
				CLANG_CXX_LIBRARY = "libc++";
				CLANG_ENABLE_MODULES = YES;
				CLANG_ENABLE_OBJC_ARC = YES;
				CLANG_ENABLE_OBJC_WEAK = YES;
				CLANG_WARN_BLOCK_CAPTURE_AUTORELEASING = YES;
				CLANG_WARN_BOOL_CONVERSION = YES;
				CLANG_WARN_COMMA = YES;
				CLANG_WARN_CONSTANT_CONVERSION = YES;
				CLANG_WARN_DEPRECATED_OBJC_IMPLEMENTATIONS = YES;
				CLANG_WARN_DIRECT_OBJC_ISA_USAGE = YES_ERROR;
				CLANG_WARN_DOCUMENTATION_COMMENTS = YES;
				CLANG_WARN_EMPTY_BODY = YES;
				CLANG_WARN_ENUM_CONVERSION = YES;
				CLANG_WARN_INFINITE_RECURSION = YES;
				CLANG_WARN_INT_CONVERSION = YES;
				CLANG_WARN_NON_LITERAL_NULL_CONVERSION = YES;
				CLANG_WARN_OBJC_IMPLICIT_RETAIN_SELF = YES;
				CLANG_WARN_OBJC_LITERAL_CONVERSION = YES;
				CLANG_WARN_OBJC_ROOT_CLASS = YES_ERROR;
				CLANG_WARN_RANGE_LOOP_ANALYSIS = YES;
				CLANG_WARN_STRICT_PROTOTYPES = YES;
				CLANG_WARN_SUSPICIOUS_MOVE = YES;
				CLANG_WARN_UNGUARDED_AVAILABILITY = YES_AGGRESSIVE;
				CLANG_WARN_UNREACHABLE_CODE = YES;
				CLANG_WARN__DUPLICATE_METHOD_MATCH = YES;
				CODE_SIGN_IDENTITY = "iPhone Developer";
				COPY_PHASE_STRIP = NO;
				DEBUG_INFORMATION_FORMAT = dwarf;
				ENABLE_STRICT_OBJC_MSGSEND = YES;
				ENABLE_TESTABILITY = YES;
				GCC_C_LANGUAGE_STANDARD = gnu11;
				GCC_DYNAMIC_NO_PIC = NO;
				GCC_NO_COMMON_BLOCKS = YES;
				GCC_OPTIMIZATION_LEVEL = 0;
				GCC_PREPROCESSOR_DEFINITIONS = (
					"DEBUG=1",
					"$(inherited)",
				);
				GCC_WARN_64_TO_32_BIT_CONVERSION = YES;
				GCC_WARN_ABOUT_RETURN_TYPE = YES_ERROR;
				GCC_WARN_UNDECLARED_SELECTOR = YES;
				GCC_WARN_UNINITIALIZED_AUTOS = YES_AGGRESSIVE;
				GCC_WARN_UNUSED_FUNCTION = YES;
				GCC_WARN_UNUSED_VARIABLE = YES;
				IPHONEOS_DEPLOYMENT_TARGET = 12.2;
				MTL_ENABLE_DEBUG_INFO = INCLUDE_SOURCE;
				MTL_FAST_MATH = YES;
				ONLY_ACTIVE_ARCH = YES;
				SDKROOT = iphoneos;
				SWIFT_ACTIVE_COMPILATION_CONDITIONS = DEBUG;
				SWIFT_OPTIMIZATION_LEVEL = "-Onone";
			};
			name = Debug;
		};
		D61B388022CDB569002531E8 /* Release */ = {
			isa = XCBuildConfiguration;
			buildSettings = {
				ALWAYS_SEARCH_USER_PATHS = NO;
				CLANG_ANALYZER_NONNULL = YES;
				CLANG_ANALYZER_NUMBER_OBJECT_CONVERSION = YES_AGGRESSIVE;
				CLANG_CXX_LANGUAGE_STANDARD = "gnu++14";
				CLANG_CXX_LIBRARY = "libc++";
				CLANG_ENABLE_MODULES = YES;
				CLANG_ENABLE_OBJC_ARC = YES;
				CLANG_ENABLE_OBJC_WEAK = YES;
				CLANG_WARN_BLOCK_CAPTURE_AUTORELEASING = YES;
				CLANG_WARN_BOOL_CONVERSION = YES;
				CLANG_WARN_COMMA = YES;
				CLANG_WARN_CONSTANT_CONVERSION = YES;
				CLANG_WARN_DEPRECATED_OBJC_IMPLEMENTATIONS = YES;
				CLANG_WARN_DIRECT_OBJC_ISA_USAGE = YES_ERROR;
				CLANG_WARN_DOCUMENTATION_COMMENTS = YES;
				CLANG_WARN_EMPTY_BODY = YES;
				CLANG_WARN_ENUM_CONVERSION = YES;
				CLANG_WARN_INFINITE_RECURSION = YES;
				CLANG_WARN_INT_CONVERSION = YES;
				CLANG_WARN_NON_LITERAL_NULL_CONVERSION = YES;
				CLANG_WARN_OBJC_IMPLICIT_RETAIN_SELF = YES;
				CLANG_WARN_OBJC_LITERAL_CONVERSION = YES;
				CLANG_WARN_OBJC_ROOT_CLASS = YES_ERROR;
				CLANG_WARN_RANGE_LOOP_ANALYSIS = YES;
				CLANG_WARN_STRICT_PROTOTYPES = YES;
				CLANG_WARN_SUSPICIOUS_MOVE = YES;
				CLANG_WARN_UNGUARDED_AVAILABILITY = YES_AGGRESSIVE;
				CLANG_WARN_UNREACHABLE_CODE = YES;
				CLANG_WARN__DUPLICATE_METHOD_MATCH = YES;
				CODE_SIGN_IDENTITY = "iPhone Developer";
				COPY_PHASE_STRIP = NO;
				DEBUG_INFORMATION_FORMAT = "dwarf-with-dsym";
				ENABLE_NS_ASSERTIONS = NO;
				ENABLE_STRICT_OBJC_MSGSEND = YES;
				GCC_C_LANGUAGE_STANDARD = gnu11;
				GCC_NO_COMMON_BLOCKS = YES;
				GCC_WARN_64_TO_32_BIT_CONVERSION = YES;
				GCC_WARN_ABOUT_RETURN_TYPE = YES_ERROR;
				GCC_WARN_UNDECLARED_SELECTOR = YES;
				GCC_WARN_UNINITIALIZED_AUTOS = YES_AGGRESSIVE;
				GCC_WARN_UNUSED_FUNCTION = YES;
				GCC_WARN_UNUSED_VARIABLE = YES;
				IPHONEOS_DEPLOYMENT_TARGET = 12.2;
				MTL_ENABLE_DEBUG_INFO = NO;
				MTL_FAST_MATH = YES;
				SDKROOT = iphoneos;
				SWIFT_COMPILATION_MODE = wholemodule;
				SWIFT_OPTIMIZATION_LEVEL = "-O";
				VALIDATE_PRODUCT = YES;
			};
			name = Release;
		};
		D61B388222CDB569002531E8 /* Debug */ = {
			isa = XCBuildConfiguration;
			baseConfigurationReference = 60997F5F2F2F7092F1FB91D8 /* Pods-Go Jek Assignment.debug.xcconfig */;
			buildSettings = {
				ASSETCATALOG_COMPILER_APPICON_NAME = AppIcon;
				CODE_SIGN_STYLE = Automatic;
				DEVELOPMENT_TEAM = 9AH2BSZKXW;
				INFOPLIST_FILE = "Go Jek Assignment/Info.plist";
				LD_RUNPATH_SEARCH_PATHS = (
					"$(inherited)",
					"@executable_path/Frameworks",
				);
				PRODUCT_BUNDLE_IDENTIFIER = "com.ketanDemo.Go-Jek-Assignment";
				PRODUCT_NAME = "$(TARGET_NAME)";
				SWIFT_VERSION = 5.0;
				TARGETED_DEVICE_FAMILY = "1,2";
			};
			name = Debug;
		};
		D61B388322CDB569002531E8 /* Release */ = {
			isa = XCBuildConfiguration;
			baseConfigurationReference = DABE63D6C4E4AB33995E9BE2 /* Pods-Go Jek Assignment.release.xcconfig */;
			buildSettings = {
				ASSETCATALOG_COMPILER_APPICON_NAME = AppIcon;
				CODE_SIGN_STYLE = Automatic;
				DEVELOPMENT_TEAM = 9AH2BSZKXW;
				INFOPLIST_FILE = "Go Jek Assignment/Info.plist";
				LD_RUNPATH_SEARCH_PATHS = (
					"$(inherited)",
					"@executable_path/Frameworks",
				);
				PRODUCT_BUNDLE_IDENTIFIER = "com.ketanDemo.Go-Jek-Assignment";
				PRODUCT_NAME = "$(TARGET_NAME)";
				SWIFT_VERSION = 5.0;
				TARGETED_DEVICE_FAMILY = "1,2";
			};
			name = Release;
		};
/* End XCBuildConfiguration section */

/* Begin XCConfigurationList section */
		D61B386722CDB566002531E8 /* Build configuration list for PBXProject "Go Jek Assignment" */ = {
			isa = XCConfigurationList;
			buildConfigurations = (
				D61B387F22CDB569002531E8 /* Debug */,
				D61B388022CDB569002531E8 /* Release */,
			);
			defaultConfigurationIsVisible = 0;
			defaultConfigurationName = Release;
		};
		D61B388122CDB569002531E8 /* Build configuration list for PBXNativeTarget "Go Jek Assignment" */ = {
			isa = XCConfigurationList;
			buildConfigurations = (
				D61B388222CDB569002531E8 /* Debug */,
				D61B388322CDB569002531E8 /* Release */,
			);
			defaultConfigurationIsVisible = 0;
			defaultConfigurationName = Release;
		};
/* End XCConfigurationList section */

/* Begin XCVersionGroup section */
		D61B387622CDB566002531E8 /* Go_Jek_Assignment.xcdatamodeld */ = {
			isa = XCVersionGroup;
			children = (
				D61B387722CDB566002531E8 /* Go_Jek_Assignment.xcdatamodel */,
			);
			currentVersion = D61B387722CDB566002531E8 /* Go_Jek_Assignment.xcdatamodel */;
			path = Go_Jek_Assignment.xcdatamodeld;
			sourceTree = "<group>";
			versionGroupType = wrapper.xcdatamodel;
		};
/* End XCVersionGroup section */
	};
	rootObject = D61B386422CDB566002531E8 /* Project object */;
}
